
Microsoft Visual Studio Solution File, Format Version 12.00
# Visual Studio 2013
VisualStudioVersion = 12.0.21005.1
MinimumVisualStudioVersion = 10.0.40219.1
Project("{FAE04EC0-301F-11D3-BF4B-00C04F79EFBC}") = "MC.Website", "MC.Website\MC.Website.csproj", "{FFCFBFA3-1754-4CE4-BE25-71A96246FCB4}"
EndProject
Project("{FAE04EC0-301F-11D3-BF4B-00C04F79EFBC}") = "MC.Data", "MC.Data\MC.Data.csproj", "{AC5FA5F2-1CF3-49D7-AB1C-E64929B40EBD}"
EndProject
Global
	GlobalSection(SolutionConfigurationPlatforms) = preSolution
		Debug|Any CPU = Debug|Any CPU
		Release|Any CPU = Release|Any CPU
	EndGlobalSection
	GlobalSection(ProjectConfigurationPlatforms) = postSolution
		{FFCFBFA3-1754-4CE4-BE25-71A96246FCB4}.Debug|Any CPU.ActiveCfg = Debug|Any CPU
		{FFCFBFA3-1754-4CE4-BE25-71A96246FCB4}.Debug|Any CPU.Build.0 = Debug|Any CPU
		{FFCFBFA3-1754-4CE4-BE25-71A96246FCB4}.Release|Any CPU.ActiveCfg = Release|Any CPU
		{FFCFBFA3-1754-4CE4-BE25-71A96246FCB4}.Release|Any CPU.Build.0 = Release|Any CPU
		{AC5FA5F2-1CF3-49D7-AB1C-E64929B40EBD}.Debug|Any CPU.ActiveCfg = Debug|Any CPU
		{AC5FA5F2-1CF3-49D7-AB1C-E64929B40EBD}.Debug|Any CPU.Build.0 = Debug|Any CPU
		{AC5FA5F2-1CF3-49D7-AB1C-E64929B40EBD}.Release|Any CPU.ActiveCfg = Release|Any CPU
		{AC5FA5F2-1CF3-49D7-AB1C-E64929B40EBD}.Release|Any CPU.Build.0 = Release|Any CPU
	EndGlobalSection
	GlobalSection(SolutionProperties) = preSolution
		HideSolutionNode = FALSE
	EndGlobalSection
EndGlobal
