
Microsoft Visual Studio Solution File, Format Version 12.00
# Visual Studio 15
VisualStudioVersion = 15.0.27102.0
MinimumVisualStudioVersion = 10.0.40219.1
Project("{FAE04EC0-301F-11D3-BF4B-00C04F79EFBC}") = "Programing", "Programing\Programing.csproj", "{28A3C571-CC6E-418F-B0B6-59CC41C9FD39}"
EndProject
Project("{FAE04EC0-301F-11D3-BF4B-00C04F79EFBC}") = "Program1", "Program1\Program1.csproj", "{0F98169C-1DB3-4174-AE5D-DF6FCB401CC5}"
EndProject
Project("{FAE04EC0-301F-11D3-BF4B-00C04F79EFBC}") = "App2", "App2\App2.csproj", "{47EDE51E-D99F-4871-9C07-7FBFD71C0AB4}"
EndProject
Project("{FAE04EC0-301F-11D3-BF4B-00C04F79EFBC}") = "App3", "App3\App3.csproj", "{188DDAEC-4BA4-4ABE-A396-0C2C7347CD69}"
EndProject
Project("{FAE04EC0-301F-11D3-BF4B-00C04F79EFBC}") = "App4", "App4\App4.csproj", "{FD84AEE4-6BBB-480A-A328-AE17822D42D3}"
EndProject
Project("{FAE04EC0-301F-11D3-BF4B-00C04F79EFBC}") = "App5", "App5\App5.csproj", "{DE270335-9440-488B-9D9D-794F4087B88B}"
EndProject
Project("{FAE04EC0-301F-11D3-BF4B-00C04F79EFBC}") = "App6", "App6\App6.csproj", "{ECFFB9D9-D8A0-43D5-AF0B-FBB2673071B6}"
EndProject
Project("{FAE04EC0-301F-11D3-BF4B-00C04F79EFBC}") = "App7", "App7\App7.csproj", "{133EF619-FE14-44D7-A752-048F02D48952}"
EndProject
Project("{FAE04EC0-301F-11D3-BF4B-00C04F79EFBC}") = "App8", "App8\App8.csproj", "{3B4288F1-E420-47F5-8332-B4C0DCB9AFB6}"
EndProject
Project("{FAE04EC0-301F-11D3-BF4B-00C04F79EFBC}") = "App9", "App9\App9.csproj", "{15FB0B42-140F-4858-86AB-3DE7D1D76553}"
EndProject
Project("{FAE04EC0-301F-11D3-BF4B-00C04F79EFBC}") = "App10", "App10\App10.csproj", "{29B7342A-3FB0-4409-AD73-855B6FCC3E9B}"
EndProject
Project("{FAE04EC0-301F-11D3-BF4B-00C04F79EFBC}") = "App11", "App11\App11.csproj", "{8DC956C7-4794-4AE4-A981-DB8B4B9DF7ED}"
EndProject
Project("{FAE04EC0-301F-11D3-BF4B-00C04F79EFBC}") = "App12", "App12\App12.csproj", "{C4EB82B0-7EC8-4F1E-8DE8-3CF1DC6857C4}"
EndProject
Project("{FAE04EC0-301F-11D3-BF4B-00C04F79EFBC}") = "App13", "App13\App13.csproj", "{559E0B40-2838-4D4B-9816-FAB47339BE47}"
EndProject
Project("{FAE04EC0-301F-11D3-BF4B-00C04F79EFBC}") = "App14", "App14\App14.csproj", "{DED1B9D4-E728-4FCF-9397-A4D09C08F88A}"
EndProject
Global
	GlobalSection(SolutionConfigurationPlatforms) = preSolution
		Debug|Any CPU = Debug|Any CPU
		Release|Any CPU = Release|Any CPU
	EndGlobalSection
	GlobalSection(ProjectConfigurationPlatforms) = postSolution
		{28A3C571-CC6E-418F-B0B6-59CC41C9FD39}.Debug|Any CPU.ActiveCfg = Debug|Any CPU
		{28A3C571-CC6E-418F-B0B6-59CC41C9FD39}.Debug|Any CPU.Build.0 = Debug|Any CPU
		{28A3C571-CC6E-418F-B0B6-59CC41C9FD39}.Release|Any CPU.ActiveCfg = Release|Any CPU
		{28A3C571-CC6E-418F-B0B6-59CC41C9FD39}.Release|Any CPU.Build.0 = Release|Any CPU
		{0F98169C-1DB3-4174-AE5D-DF6FCB401CC5}.Debug|Any CPU.ActiveCfg = Debug|Any CPU
		{0F98169C-1DB3-4174-AE5D-DF6FCB401CC5}.Debug|Any CPU.Build.0 = Debug|Any CPU
		{0F98169C-1DB3-4174-AE5D-DF6FCB401CC5}.Release|Any CPU.ActiveCfg = Release|Any CPU
		{0F98169C-1DB3-4174-AE5D-DF6FCB401CC5}.Release|Any CPU.Build.0 = Release|Any CPU
		{47EDE51E-D99F-4871-9C07-7FBFD71C0AB4}.Debug|Any CPU.ActiveCfg = Debug|Any CPU
		{47EDE51E-D99F-4871-9C07-7FBFD71C0AB4}.Debug|Any CPU.Build.0 = Debug|Any CPU
		{47EDE51E-D99F-4871-9C07-7FBFD71C0AB4}.Release|Any CPU.ActiveCfg = Release|Any CPU
		{47EDE51E-D99F-4871-9C07-7FBFD71C0AB4}.Release|Any CPU.Build.0 = Release|Any CPU
		{188DDAEC-4BA4-4ABE-A396-0C2C7347CD69}.Debug|Any CPU.ActiveCfg = Debug|Any CPU
		{188DDAEC-4BA4-4ABE-A396-0C2C7347CD69}.Debug|Any CPU.Build.0 = Debug|Any CPU
		{188DDAEC-4BA4-4ABE-A396-0C2C7347CD69}.Release|Any CPU.ActiveCfg = Release|Any CPU
		{188DDAEC-4BA4-4ABE-A396-0C2C7347CD69}.Release|Any CPU.Build.0 = Release|Any CPU
		{FD84AEE4-6BBB-480A-A328-AE17822D42D3}.Debug|Any CPU.ActiveCfg = Debug|Any CPU
		{FD84AEE4-6BBB-480A-A328-AE17822D42D3}.Debug|Any CPU.Build.0 = Debug|Any CPU
		{FD84AEE4-6BBB-480A-A328-AE17822D42D3}.Release|Any CPU.ActiveCfg = Release|Any CPU
		{FD84AEE4-6BBB-480A-A328-AE17822D42D3}.Release|Any CPU.Build.0 = Release|Any CPU
		{DE270335-9440-488B-9D9D-794F4087B88B}.Debug|Any CPU.ActiveCfg = Debug|Any CPU
		{DE270335-9440-488B-9D9D-794F4087B88B}.Debug|Any CPU.Build.0 = Debug|Any CPU
		{DE270335-9440-488B-9D9D-794F4087B88B}.Release|Any CPU.ActiveCfg = Release|Any CPU
		{DE270335-9440-488B-9D9D-794F4087B88B}.Release|Any CPU.Build.0 = Release|Any CPU
		{ECFFB9D9-D8A0-43D5-AF0B-FBB2673071B6}.Debug|Any CPU.ActiveCfg = Debug|Any CPU
		{ECFFB9D9-D8A0-43D5-AF0B-FBB2673071B6}.Debug|Any CPU.Build.0 = Debug|Any CPU
		{ECFFB9D9-D8A0-43D5-AF0B-FBB2673071B6}.Release|Any CPU.ActiveCfg = Release|Any CPU
		{ECFFB9D9-D8A0-43D5-AF0B-FBB2673071B6}.Release|Any CPU.Build.0 = Release|Any CPU
		{133EF619-FE14-44D7-A752-048F02D48952}.Debug|Any CPU.ActiveCfg = Debug|Any CPU
		{133EF619-FE14-44D7-A752-048F02D48952}.Debug|Any CPU.Build.0 = Debug|Any CPU
		{133EF619-FE14-44D7-A752-048F02D48952}.Release|Any CPU.ActiveCfg = Release|Any CPU
		{133EF619-FE14-44D7-A752-048F02D48952}.Release|Any CPU.Build.0 = Release|Any CPU
		{3B4288F1-E420-47F5-8332-B4C0DCB9AFB6}.Debug|Any CPU.ActiveCfg = Debug|Any CPU
		{3B4288F1-E420-47F5-8332-B4C0DCB9AFB6}.Debug|Any CPU.Build.0 = Debug|Any CPU
		{3B4288F1-E420-47F5-8332-B4C0DCB9AFB6}.Release|Any CPU.ActiveCfg = Release|Any CPU
		{3B4288F1-E420-47F5-8332-B4C0DCB9AFB6}.Release|Any CPU.Build.0 = Release|Any CPU
		{15FB0B42-140F-4858-86AB-3DE7D1D76553}.Debug|Any CPU.ActiveCfg = Debug|Any CPU
		{15FB0B42-140F-4858-86AB-3DE7D1D76553}.Debug|Any CPU.Build.0 = Debug|Any CPU
		{15FB0B42-140F-4858-86AB-3DE7D1D76553}.Release|Any CPU.ActiveCfg = Release|Any CPU
		{15FB0B42-140F-4858-86AB-3DE7D1D76553}.Release|Any CPU.Build.0 = Release|Any CPU
		{29B7342A-3FB0-4409-AD73-855B6FCC3E9B}.Debug|Any CPU.ActiveCfg = Debug|Any CPU
		{29B7342A-3FB0-4409-AD73-855B6FCC3E9B}.Debug|Any CPU.Build.0 = Debug|Any CPU
		{29B7342A-3FB0-4409-AD73-855B6FCC3E9B}.Release|Any CPU.ActiveCfg = Release|Any CPU
		{29B7342A-3FB0-4409-AD73-855B6FCC3E9B}.Release|Any CPU.Build.0 = Release|Any CPU
		{8DC956C7-4794-4AE4-A981-DB8B4B9DF7ED}.Debug|Any CPU.ActiveCfg = Debug|Any CPU
		{8DC956C7-4794-4AE4-A981-DB8B4B9DF7ED}.Debug|Any CPU.Build.0 = Debug|Any CPU
		{8DC956C7-4794-4AE4-A981-DB8B4B9DF7ED}.Release|Any CPU.ActiveCfg = Release|Any CPU
		{8DC956C7-4794-4AE4-A981-DB8B4B9DF7ED}.Release|Any CPU.Build.0 = Release|Any CPU
		{C4EB82B0-7EC8-4F1E-8DE8-3CF1DC6857C4}.Debug|Any CPU.ActiveCfg = Debug|Any CPU
		{C4EB82B0-7EC8-4F1E-8DE8-3CF1DC6857C4}.Debug|Any CPU.Build.0 = Debug|Any CPU
		{C4EB82B0-7EC8-4F1E-8DE8-3CF1DC6857C4}.Release|Any CPU.ActiveCfg = Release|Any CPU
		{C4EB82B0-7EC8-4F1E-8DE8-3CF1DC6857C4}.Release|Any CPU.Build.0 = Release|Any CPU
		{559E0B40-2838-4D4B-9816-FAB47339BE47}.Debug|Any CPU.ActiveCfg = Debug|Any CPU
		{559E0B40-2838-4D4B-9816-FAB47339BE47}.Debug|Any CPU.Build.0 = Debug|Any CPU
		{559E0B40-2838-4D4B-9816-FAB47339BE47}.Release|Any CPU.ActiveCfg = Release|Any CPU
		{559E0B40-2838-4D4B-9816-FAB47339BE47}.Release|Any CPU.Build.0 = Release|Any CPU
		{DED1B9D4-E728-4FCF-9397-A4D09C08F88A}.Debug|Any CPU.ActiveCfg = Debug|Any CPU
		{DED1B9D4-E728-4FCF-9397-A4D09C08F88A}.Debug|Any CPU.Build.0 = Debug|Any CPU
		{DED1B9D4-E728-4FCF-9397-A4D09C08F88A}.Release|Any CPU.ActiveCfg = Release|Any CPU
		{DED1B9D4-E728-4FCF-9397-A4D09C08F88A}.Release|Any CPU.Build.0 = Release|Any CPU
	EndGlobalSection
	GlobalSection(SolutionProperties) = preSolution
		HideSolutionNode = FALSE
	EndGlobalSection
	GlobalSection(ExtensibilityGlobals) = postSolution
		SolutionGuid = {1F23D2E6-F2B7-4D06-91E5-89F79BEE344F}
	EndGlobalSection
EndGlobal
